
Microsoft Visual Studio Solution File, Format Version 12.00
# Visual Studio Version 17
VisualStudioVersion = 17.9.34622.214
MinimumVisualStudioVersion = 10.0.40219.1
Project("{FAE04EC0-301F-11D3-BF4B-00C04F79EFBC}") = "WebApp", "WebApp.csproj", "{B29F880B-F70B-4F6C-9738-A42182D42735}"
EndProject
Global
	GlobalSection(SolutionConfigurationPlatforms) = preSolution
		Debug|Any CPU = Debug|Any CPU
		Release|Any CPU = Release|Any CPU
	EndGlobalSection
	GlobalSection(ProjectConfigurationPlatforms) = postSolution
		{B29F880B-F70B-4F6C-9738-A42182D42735}.Debug|Any CPU.ActiveCfg = Debug|Any CPU
		{B29F880B-F70B-4F6C-9738-A42182D42735}.Debug|Any CPU.Build.0 = Debug|Any CPU
		{B29F880B-F70B-4F6C-9738-A42182D42735}.Release|Any CPU.ActiveCfg = Release|Any CPU
		{B29F880B-F70B-4F6C-9738-A42182D42735}.Release|Any CPU.Build.0 = Release|Any CPU
	EndGlobalSection
	GlobalSection(SolutionProperties) = preSolution
		HideSolutionNode = FALSE
	EndGlobalSection
	GlobalSection(ExtensibilityGlobals) = postSolution
		SolutionGuid = {11B155A2-AFAF-4CB8-AA6C-A7D7886369C2}
	EndGlobalSection
EndGlobal
